# This file is generated by running "yarn install" inside your project.
# Manual changes might be lost - proceed with caution!

__metadata:
  version: 9
  cacheKey: 10c0

"@mapbox/geojson-rewind@npm:^0.5.2":
  version: 0.5.2
  resolution: "@mapbox/geojson-rewind@npm:0.5.2"
  dependencies:
    get-stream: "npm:^6.0.1"
    minimist: "npm:^1.2.6"
  bin:
    geojson-rewind: geojson-rewind
  checksum: 10c0/631f89ba5b656cb1e02197c242b231f98da0afb96815fa26481497176d6bd5f2aac77af4950da91c954094694acbc26382bd3d38146705737e8ff06442d95a12
  languageName: node
  linkType: hard

"@mapbox/jsonlint-lines-primitives@npm:^2.0.2":
  version: 2.0.2
  resolution: "@mapbox/jsonlint-lines-primitives@npm:2.0.2"
  checksum: 10c0/5814e42fc453700132f93ea742aabcef9a3c98d9bf17d4c1106f82d1dcd91bbc93052e66e29014323b9b2a41b020c743d897e4a96cc4ed2f734482d587d8c2b2
  languageName: node
  linkType: hard

"@mapbox/mapbox-gl-supported@npm:^2.0.1":
  version: 2.0.1
  resolution: "@mapbox/mapbox-gl-supported@npm:2.0.1"
  checksum: 10c0/d4876381cbc2fb401851eebb5195bd2e14b08c0351e9628fb18cfa15e89ce0ab19ac98bdbe6a6c13c6de359b44e07cad0fd2189cd2bfd981a16727618204551d
  languageName: node
  linkType: hard

"@mapbox/point-geometry@npm:0.1.0, @mapbox/point-geometry@npm:^0.1.0, @mapbox/point-geometry@npm:~0.1.0":
  version: 0.1.0
  resolution: "@mapbox/point-geometry@npm:0.1.0"
  checksum: 10c0/e4d861908574cb3165f5ad37b000416ebc90a2d6b3e0073191e6b6dc5074a6159d84ac5114d78557399bb429134f0d05bfb529e7902d1cb2b36d722b72ab662c
  languageName: node
  linkType: hard

"@mapbox/tiny-sdf@npm:^2.0.6":
  version: 2.0.7
  resolution: "@mapbox/tiny-sdf@npm:2.0.7"
  checksum: 10c0/f117d8537ee4b5ee2deed54b9b426792744c15a649681305b4fb21b608b7c6a815015f015cd612923cc8efa30424d0440abfc1af2c85eda00a726024bb4f3ede
  languageName: node
  linkType: hard

"@mapbox/unitbezier@npm:^0.0.1":
  version: 0.0.1
  resolution: "@mapbox/unitbezier@npm:0.0.1"
  checksum: 10c0/97f39d4fbdf9579d0a1a8be0d536eb113a805d36459e774014f488a7ca6cc9dcfc77ab7a2ebe5af395ad50da6efb4dbf2566de0db3f62b6b8675cddbace8f86a
  languageName: node
  linkType: hard

"@mapbox/vector-tile@npm:^1.3.1":
  version: 1.3.1
  resolution: "@mapbox/vector-tile@npm:1.3.1"
  dependencies:
    "@mapbox/point-geometry": "npm:~0.1.0"
  checksum: 10c0/ffb271b95c383923768295e72bdf95e428efb906434b864ea04d3853a8373cf0de19f039bd6615f7cf018fbfb4dbf4599f27ebaa86c2b7b09f7d69187f8d7da1
  languageName: node
  linkType: hard

"@mapbox/whoots-js@npm:^3.1.0":
  version: 3.1.0
  resolution: "@mapbox/whoots-js@npm:3.1.0"
  checksum: 10c0/fe9e959a9049bcbc2c05d9d1156e050191ad697a1bd95e41cdfa069051ff1d6f2930ced234a8d68d5a0bf78091feab30d76497418ec800d90f0aac8691fe4fd4
  languageName: node
  linkType: hard

"csscolorparser@npm:~1.0.3":
  version: 1.0.3
  resolution: "csscolorparser@npm:1.0.3"
  checksum: 10c0/57b30e1dd3e639fb74d63d3ee5a078ae6d0aaba26bc731fdec1a0f50fd77c2531a1fca2bbe07c18e0569255f92064cda0747e0115955fdb8c037332798ca634f
  languageName: node
  linkType: hard

"earcut@npm:^2.2.4":
  version: 2.2.4
  resolution: "earcut@npm:2.2.4"
  checksum: 10c0/01ca51830edd2787819f904ae580087d37351f6048b4565e7add4b3da8a86b7bc19262ab2aa7fdc64129ab03af2d9cec8cccee4d230c82275f97ef285c79aafb
  languageName: node
  linkType: hard

"geojson-vt@npm:^3.2.1":
  version: 3.2.1
  resolution: "geojson-vt@npm:3.2.1"
  checksum: 10c0/db2fc1a452067ee8436fa86e5a138f6ebd3d64893e0af097bc1cc960ec63d67c0ce77444711e9583036192d6bf9ce754bf9b56a76789684fc0fea4d52321fffc
  languageName: node
  linkType: hard

"get-stream@npm:^6.0.1":
  version: 6.0.1
  resolution: "get-stream@npm:6.0.1"
  checksum: 10c0/49825d57d3fd6964228e6200a58169464b8e8970489b3acdc24906c782fb7f01f9f56f8e6653c4a50713771d6658f7cfe051e5eb8c12e334138c9c918b296341
  languageName: node
  linkType: hard

"gl-matrix@npm:^3.4.3":
  version: 3.4.4
  resolution: "gl-matrix@npm:3.4.4"
  checksum: 10c0/9aa022ffac0d158212ad0cd29939864ad919ac31cd5dc5a5d35e9d66bb62679ddf152ff7b2173ded20131045e40572b87f31b26a920be2a7583a1516b13b5b4b
  languageName: node
  linkType: hard

"grid-index@npm:^1.1.0":
  version: 1.1.0
  resolution: "grid-index@npm:1.1.0"
  checksum: 10c0/0ba2a622a52badc86642a002abee79b48c207092347e869528253e634573b9b55494db649fbd1779122d797aaa3b59e284023a96a7a5c666c7375f0e320f8f57
  languageName: node
  linkType: hard

"ieee754@npm:^1.1.12":
  version: 1.2.1
  resolution: "ieee754@npm:1.2.1"
  checksum: 10c0/b0782ef5e0935b9f12883a2e2aa37baa75da6e66ce6515c168697b42160807d9330de9a32ec1ed73149aea02e0d822e572bca6f1e22bdcbd2149e13b050b17bb
  languageName: node
  linkType: hard

"kdbush@npm:^4.0.1, kdbush@npm:^4.0.2":
  version: 4.0.2
  resolution: "kdbush@npm:4.0.2"
  checksum: 10c0/d50183b299c57e2573114e902ab47aed7494be3ca41b66d456779ecc3b2f153f491de341f9609965414784f728894f9a9001152eb9f3a40cd3755521c06a45a3
  languageName: node
  linkType: hard

"leaflet.locatecontrol@npm:^0.76.1":
  version: 0.76.1
  resolution: "leaflet.locatecontrol@npm:0.76.1"
  checksum: 10c0/939c033399bd065732955536dec8d1436fc8018448f01e3056f248b6966c7f1c63d46498ff94575e9ae5ea77134e2fb958afc1df88c040f1344acf05c1d5e1d0
  languageName: node
  linkType: hard

"leaflet@npm:^1.9.1":
  version: 1.9.4
  resolution: "leaflet@npm:1.9.4"
  checksum: 10c0/f639441dbb7eb9ae3fcd29ffd7d3508f6c6106892441634b0232fafb9ffb1588b05a8244ec7085de2c98b5ed703894df246898477836cfd0ce5b96d4717b5ca1
  languageName: node
  linkType: hard

"mapbox-gl-leaflet@npm:^0.0.15":
  version: 0.0.15
  resolution: "mapbox-gl-leaflet@npm:0.0.15"
  peerDependencies:
    leaflet: ^1.0.0
    mapbox-gl: "*"
  checksum: 10c0/4498b552856b3f1d84a627edbe09276447daac5dcacd4c13e03814f57183ef0178484e3727906e4ddd5c18f5d510637ac626849e19c7b9be3efb4d61c907efdc
  languageName: node
  linkType: hard

"mapbox-gl@npm:^2.10.0":
  version: 2.15.0
  resolution: "mapbox-gl@npm:2.15.0"
  dependencies:
    "@mapbox/geojson-rewind": "npm:^0.5.2"
    "@mapbox/jsonlint-lines-primitives": "npm:^2.0.2"
    "@mapbox/mapbox-gl-supported": "npm:^2.0.1"
    "@mapbox/point-geometry": "npm:^0.1.0"
    "@mapbox/tiny-sdf": "npm:^2.0.6"
    "@mapbox/unitbezier": "npm:^0.0.1"
    "@mapbox/vector-tile": "npm:^1.3.1"
    "@mapbox/whoots-js": "npm:^3.1.0"
    csscolorparser: "npm:~1.0.3"
    earcut: "npm:^2.2.4"
    geojson-vt: "npm:^3.2.1"
    gl-matrix: "npm:^3.4.3"
    grid-index: "npm:^1.1.0"
    kdbush: "npm:^4.0.1"
    murmurhash-js: "npm:^1.0.0"
    pbf: "npm:^3.2.1"
    potpack: "npm:^2.0.0"
    quickselect: "npm:^2.0.0"
    rw: "npm:^1.3.3"
    supercluster: "npm:^8.0.0"
    tinyqueue: "npm:^2.0.3"
    vt-pbf: "npm:^3.1.3"
  checksum: 10c0/8d7e71281237b20bad9e834afc94bfc8bccd818905f72711259744cf25f4b670985c1a9b6159dbbb405dcba167e99c1ee2a7b766398e1122f6a76e7f17cba809
  languageName: node
  linkType: hard

"minimist@npm:^1.2.6":
  version: 1.2.8
  resolution: "minimist@npm:1.2.8"
  checksum: 10c0/19d3fcdca050087b84c2029841a093691a91259a47def2f18222f41e7645a0b7c44ef4b40e88a1e58a40c84d2ef0ee6047c55594d298146d0eb3f6b737c20ce6
  languageName: node
  linkType: hard

"murmurhash-js@npm:^1.0.0":
  version: 1.0.0
  resolution: "murmurhash-js@npm:1.0.0"
  checksum: 10c0/f8569e16db0ba6f953bf88286e97cf737f1efe97b224e537c9308566ab963a067c7eca5b636fb473d6413c4cc3b79690b78ff7ab0f290e75db91c6fde0df92b4
  languageName: node
  linkType: hard

"pbf@npm:^3.2.1":
  version: 3.3.0
  resolution: "pbf@npm:3.3.0"
  dependencies:
    ieee754: "npm:^1.1.12"
    resolve-protobuf-schema: "npm:^2.1.0"
  bin:
    pbf: bin/pbf
  checksum: 10c0/79e5dc59a9391789de84b0a6d713fad0dd1e5ce6eb721536af8c9ec49feae04fdebab9f077b760bba858e615a95ac714a7d248ecb43736e904bb8396885e16d6
  languageName: node
  linkType: hard

"potpack@npm:^2.0.0":
  version: 2.1.0
  resolution: "potpack@npm:2.1.0"
  checksum: 10c0/25fb86728e2eba7d67928ba770cecf76d1d09e82ca2fe090a20ad573fee20ed67e727b353aeef99d03dbc32c7bf76bdcdf0f6466f25d0cd66a40b9776e607e56
  languageName: node
  linkType: hard

"protocol-buffers-schema@npm:^3.3.1":
  version: 3.6.0
  resolution: "protocol-buffers-schema@npm:3.6.0"
  checksum: 10c0/23a08612e5cc903f917ae3b680216ccaf2d889c61daa68d224237f455182fa96fff16872ac94b1954b5dd26fc7e8ce7e9360c54d54ea26218d107b2f059fca37
  languageName: node
  linkType: hard

"quickselect@npm:^2.0.0":
  version: 2.0.0
  resolution: "quickselect@npm:2.0.0"
  checksum: 10c0/6c8d591bc73beae4c1996b7b7138233a7dbbbdde29b7b6d822a02d08cd220fd27613f47d6e9635989b12e250d42ef9da3448de1ed12ad962974e207ab3c3562c
  languageName: node
  linkType: hard

"resolve-protobuf-schema@npm:^2.1.0":
  version: 2.1.0
  resolution: "resolve-protobuf-schema@npm:2.1.0"
  dependencies:
    protocol-buffers-schema: "npm:^3.3.1"
  checksum: 10c0/8e656b9072b1c001952f851251413bc79d8c771c3015f607b75e1ca3b8bd7c4396068dd19cdbb3019affa03f6457d2c0fd38d981ffd714215cd2e7c2b67221a7
  languageName: node
  linkType: hard

"root-workspace-0b6124@workspace:.":
  version: 0.0.0-use.local
  resolution: "root-workspace-0b6124@workspace:."
  dependencies:
    leaflet: "npm:^1.9.1"
    leaflet.locatecontrol: "npm:^0.76.1"
    mapbox-gl: "npm:^2.10.0"
    mapbox-gl-leaflet: "npm:^0.0.15"
  languageName: unknown
  linkType: soft

"rw@npm:^1.3.3":
  version: 1.3.3
  resolution: "rw@npm:1.3.3"
  checksum: 10c0/b1e1ef37d1e79d9dc7050787866e30b6ddcb2625149276045c262c6b4d53075ddc35f387a856a8e76f0d0df59f4cd58fe24707e40797ebee66e542b840ed6a53
  languageName: node
  linkType: hard

"supercluster@npm:^8.0.0":
  version: 8.0.1
  resolution: "supercluster@npm:8.0.1"
  dependencies:
    kdbush: "npm:^4.0.2"
  checksum: 10c0/79121e6dbff67b3036ea6651f3baddb942478830ba3ecbc27455715ab5bd269de8381dc04618c0c15963346ea2ed0f81cd5f767c2978a63e2841807c73445d57
  languageName: node
  linkType: hard

"tinyqueue@npm:^2.0.3":
  version: 2.0.3
  resolution: "tinyqueue@npm:2.0.3"
  checksum: 10c0/d7b590088f015a94a17132fa209c2f2a80c45158259af5474901fdf5932e95ea13ff6f034bcc725a6d5f66d3e5b888b048c310229beb25ad5bebb4f0a635abf2
  languageName: node
  linkType: hard

"vt-pbf@npm:^3.1.3":
  version: 3.1.3
  resolution: "vt-pbf@npm:3.1.3"
  dependencies:
    "@mapbox/point-geometry": "npm:0.1.0"
    "@mapbox/vector-tile": "npm:^1.3.1"
    pbf: "npm:^3.2.1"
  checksum: 10c0/a568801ae25f0ffe65ef697bf520c996c8a4067f73f355c0d5815238de90322c8ca207c61220206141cfe6f5b525de875b7eb26e22979a1b768b96d03b93dca7
  languageName: node
  linkType: hard
